DEPENDENCIES
  nexus
    path: .
    metadata: true

GRAPH
  apt (6.1.0)
  artifact (1.12.2)
    windows (>= 0.0.0)
  build-essential (8.0.3)
    mingw (>= 1.1)
    seven_zip (>= 0.0.0)
  chef_nginx (6.1.1)
    build-essential (>= 0.0.0)
    compat_resource (>= 12.16.3)
    ohai (>= 4.1.0)
    yum-epel (>= 0.0.0)
    zypper (>= 0.0.0)
  compat_resource (12.19.0)
  homebrew (4.2.0)
  java (1.50.0)
    apt (>= 0.0.0)
    homebrew (>= 0.0.0)
    windows (>= 0.0.0)
  mingw (2.0.1)
    seven_zip (>= 0.0.0)
  nexus (4.0.0)
    artifact (~> 1.12.0)
    chef_nginx (~> 6.1)
    java (~> 1.50.0)
  ohai (5.1.0)
  seven_zip (2.0.2)
    windows (>= 1.2.2)
  windows (3.1.0)
    ohai (>= 4.0.0)
  yum-epel (2.1.1)
    compat_resource (>= 12.16.3)
  zypper (0.4.0)
